
Microsoft Visual Studio Solution File, Format Version 12.00
# Visual Studio Version 16
VisualStudioVersion = 16.0.30406.217
MinimumVisualStudioVersion = 10.0.40219.1
Project("{FAE04EC0-301F-11D3-BF4B-00C04F79EFBC}") = "TimeZoneConverter", "TimeZoneConverter.csproj", "{FDA8B950-2E43-4D40-8393-073ECC2BB9D0}"
EndProject
Project("{FAE04EC0-301F-11D3-BF4B-00C04F79EFBC}") = "TimeZoneConverterUtilities", "Utilities\TimeZoneConverterUtilities.csproj", "{DBD9645A-1E2D-44E3-840B-7B83D488B51C}"
EndProject
Project("{FAE04EC0-301F-11D3-BF4B-00C04F79EFBC}") = "TimeZoneConverter.Tests", "TimeZoneConverter.Tests\TimeZoneConverter.Tests.csproj", "{8477EAC1-21EB-42ED-AA79-B2EC61CFA7EF}"
EndProject
Global
	GlobalSection(SolutionConfigurationPlatforms) = preSolution
		Debug|Any CPU = Debug|Any CPU
		Release|Any CPU = Release|Any CPU
	EndGlobalSection
	GlobalSection(ProjectConfigurationPlatforms) = postSolution
		{FDA8B950-2E43-4D40-8393-073ECC2BB9D0}.Debug|Any CPU.ActiveCfg = Debug|Any CPU
		{FDA8B950-2E43-4D40-8393-073ECC2BB9D0}.Debug|Any CPU.Build.0 = Debug|Any CPU
		{FDA8B950-2E43-4D40-8393-073ECC2BB9D0}.Release|Any CPU.ActiveCfg = Release|Any CPU
		{FDA8B950-2E43-4D40-8393-073ECC2BB9D0}.Release|Any CPU.Build.0 = Release|Any CPU
		{DBD9645A-1E2D-44E3-840B-7B83D488B51C}.Debug|Any CPU.ActiveCfg = Debug|Any CPU
		{DBD9645A-1E2D-44E3-840B-7B83D488B51C}.Debug|Any CPU.Build.0 = Debug|Any CPU
		{DBD9645A-1E2D-44E3-840B-7B83D488B51C}.Release|Any CPU.ActiveCfg = Release|Any CPU
		{DBD9645A-1E2D-44E3-840B-7B83D488B51C}.Release|Any CPU.Build.0 = Release|Any CPU
		{8477EAC1-21EB-42ED-AA79-B2EC61CFA7EF}.Debug|Any CPU.ActiveCfg = Debug|Any CPU
		{8477EAC1-21EB-42ED-AA79-B2EC61CFA7EF}.Debug|Any CPU.Build.0 = Debug|Any CPU
		{8477EAC1-21EB-42ED-AA79-B2EC61CFA7EF}.Release|Any CPU.ActiveCfg = Release|Any CPU
		{8477EAC1-21EB-42ED-AA79-B2EC61CFA7EF}.Release|Any CPU.Build.0 = Release|Any CPU
	EndGlobalSection
	GlobalSection(SolutionProperties) = preSolution
		HideSolutionNode = FALSE
	EndGlobalSection
	GlobalSection(ExtensibilityGlobals) = postSolution
		SolutionGuid = {3F62C5E6-C82D-4C18-95A6-220EF4905B99}
	EndGlobalSection
EndGlobal
